
Microsoft Visual Studio Solution File, Format Version 12.00
# Visual Studio 15
VisualStudioVersion = 15.0.26430.13
MinimumVisualStudioVersion = 10.0.40219.1
Project("{FAE04EC0-301F-11D3-BF4B-00C04F79EFBC}") = "LogoFX.Client.Testing.Contracts", "LogoFX.Client.Testing.Contracts\portable\LogoFX.Client.Testing.Contracts.csproj", "{71C80D75-E55E-4EAC-BB5A-C3AFD2734B60}"
EndProject
Global
	GlobalSection(SolutionConfigurationPlatforms) = preSolution
		Debug|Any CPU = Debug|Any CPU
		Release|Any CPU = Release|Any CPU
	EndGlobalSection
	GlobalSection(ProjectConfigurationPlatforms) = postSolution
		{71C80D75-E55E-4EAC-BB5A-C3AFD2734B60}.Debug|Any CPU.ActiveCfg = Debug|Any CPU
		{71C80D75-E55E-4EAC-BB5A-C3AFD2734B60}.Debug|Any CPU.Build.0 = Debug|Any CPU
		{71C80D75-E55E-4EAC-BB5A-C3AFD2734B60}.Release|Any CPU.ActiveCfg = Release|Any CPU
		{71C80D75-E55E-4EAC-BB5A-C3AFD2734B60}.Release|Any CPU.Build.0 = Release|Any CPU
	EndGlobalSection
	GlobalSection(SolutionProperties) = preSolution
		HideSolutionNode = FALSE
	EndGlobalSection
EndGlobal
